// !$*UTF8*$!
{
	archiveVersion = 1;
	classes = {
	};
	objectVersion = 77;
	objects = {

/* Begin PBXContainerItemProxy section */
		01DBA6AE2ED64007009E9D01 /* PBXContainerItemProxy */ = {
			isa = PBXContainerItemProxy;
			containerPortal = 01DBA6982ED64006009E9D01 /* Project object */;
			proxyType = 1;
			remoteGlobalIDString = 01DBA69F2ED64006009E9D01;
			remoteInfo = "Kfe Los Balcones";
		};
		01DBA6B82ED64007009E9D01 /* PBXContainerItemProxy */ = {
			isa = PBXContainerItemProxy;
			containerPortal = 01DBA6982ED64006009E9D01 /* Project object */;
			proxyType = 1;
			remoteGlobalIDString = 01DBA69F2ED64006009E9D01;
			remoteInfo = "Kfe Los Balcones";
		};
/* End PBXContainerItemProxy section */

/* Begin PBXFileReference section */
		01DBA6A02ED64006009E9D01 /* Kfe Los Balcones.app */ = {isa = PBXFileReference; explicitFileType = wrapper.application; includeInIndex = 0; path = "Kfe Los Balcones.app"; sourceTree = BUILT_PRODUCTS_DIR; };
		01DBA6AD2ED64007009E9D01 /* Kfe Los BalconesTests.xctest */ = {isa = PBXFileReference; explicitFileType = wrapper.cfbundle; includeInIndex = 0; path = "Kfe Los BalconesTests.xctest"; sourceTree = BUILT_PRODUCTS_DIR; };
		01DBA6B72ED64007009E9D01 /* Kfe Los BalconesUITests.xctest */ = {isa = PBXFileReference; explicitFileType = wrapper.cfbundle; includeInIndex = 0; path = "Kfe Los BalconesUITests.xctest"; sourceTree = BUILT_PRODUCTS_DIR; };
/* End PBXFileReference section */

/* Begin PBXFileSystemSynchronizedRootGroup section */
		01DBA6A22ED64006009E9D01 /* Kfe Los Balcones */ = {
			isa = PBXFileSystemSynchronizedRootGroup;
			path = "Kfe Los Balcones";
			sourceTree = "<group>";
		};
		01DBA6B02ED64007009E9D01 /* Kfe Los BalconesTests */ = {
			isa = PBXFileSystemSynchronizedRootGroup;
			path = "Kfe Los BalconesTests";
			sourceTree = "<group>";
		};
		01DBA6BA2ED64007009E9D01 /* Kfe Los BalconesUITests */ = {
			isa = PBXFileSystemSynchronizedRootGroup;
			path = "Kfe Los BalconesUITests";
			sourceTree = "<group>";
		};
/* End PBXFileSystemSynchronizedRootGroup section */

/* Begin PBXFrameworksBuildPhase section */
		01DBA69D2ED64006009E9D01 /* Frameworks */ = {
			isa = PBXFrameworksBuildPhase;
			buildActionMask = 2147483647;
			files = (
			);
			runOnlyForDeploymentPostprocessing = 0;
		};
		01DBA6AA2ED64007009E9D01 /* Frameworks */ = {
			isa = PBXFrameworksBuildPhase;
			buildActionMask = 2147483647;
			files = (
			);
			runOnlyForDeploymentPostprocessing = 0;
		};
		01DBA6B42ED64007009E9D01 /* Frameworks */ = {
			isa = PBXFrameworksBuildPhase;
			buildActionMask = 2147483647;
			files = (
			);
			runOnlyForDeploymentPostprocessing = 0;
		};
/* End PBXFrameworksBuildPhase section */

/* Begin PBXGroup section */
		01DBA6972ED64006009E9D01 = {
			isa = PBXGroup;
			children = (
				01DBA6A22ED64006009E9D01 /* Kfe Los Balcones */,
				01DBA6B02ED64007009E9D01 /* Kfe Los BalconesTests */,
				01DBA6BA2ED64007009E9D01 /* Kfe Los BalconesUITests */,
				01DBA6A12ED64006009E9D01 /* Products */,
			);
			sourceTree = "<group>";
		};
		01DBA6A12ED64006009E9D01 /* Products */ = {
			isa = PBXGroup;
			children = (
				01DBA6A02ED64006009E9D01 /* Kfe Los Balcones.app */,
				01DBA6AD2ED64007009E9D01 /* Kfe Los BalconesTests.xctest */,
				01DBA6B72ED64007009E9D01 /* Kfe Los BalconesUITests.xctest */,
			);
			name = Products;
			sourceTree = "<group>";
		};
/* End PBXGroup section */

/* Begin PBXNativeTarget section */
		01DBA69F2ED64006009E9D01 /* Kfe Los Balcones */ = {
			isa = PBXNativeTarget;
			buildConfigurationList = 01DBA6C12ED64008009E9D01 /* Build configuration list for PBXNativeTarget "Kfe Los Balcones" */;
			buildPhases = (
				01DBA69C2ED64006009E9D01 /* Sources */,
				01DBA69D2ED64006009E9D01 /* Frameworks */,
				01DBA69E2ED64006009E9D01 /* Resources */,
			);
			buildRules = (
			);
			dependencies = (
			);
			fileSystemSynchronizedGroups = (
				01DBA6A22ED64006009E9D01 /* Kfe Los Balcones */,
			);
			name = "Kfe Los Balcones";
			packageProductDependencies = (
			);
			productName = "Kfe Los Balcones";
			productReference = 01DBA6A02ED64006009E9D01 /* Kfe Los Balcones.app */;
			productType = "com.apple.product-type.application";
		};
		01DBA6AC2ED64007009E9D01 /* Kfe Los BalconesTests */ = {
			isa = PBXNativeTarget;
			buildConfigurationList = 01DBA6C42ED64008009E9D01 /* Build configuration list for PBXNativeTarget "Kfe Los BalconesTests" */;
			buildPhases = (
				01DBA6A92ED64007009E9D01 /* Sources */,
				01DBA6AA2ED64007009E9D01 /* Frameworks */,
				01DBA6AB2ED64007009E9D01 /* Resources */,
			);
			buildRules = (
			);
			dependencies = (
				01DBA6AF2ED64007009E9D01 /* PBXTargetDependency */,
			);
			fileSystemSynchronizedGroups = (
				01DBA6B02ED64007009E9D01 /* Kfe Los BalconesTests */,
			);
			name = "Kfe Los BalconesTests";
			packageProductDependencies = (
			);
			productName = "Kfe Los BalconesTests";
			productReference = 01DBA6AD2ED64007009E9D01 /* Kfe Los BalconesTests.xctest */;
			productType = "com.apple.product-type.bundle.unit-test";
		};
		01DBA6B62ED64007009E9D01 /* Kfe Los BalconesUITests */ = {
			isa = PBXNativeTarget;
			buildConfigurationList = 01DBA6C72ED64008009E9D01 /* Build configuration list for PBXNativeTarget "Kfe Los BalconesUITests" */;
			buildPhases = (
				01DBA6B32ED64007009E9D01 /* Sources */,
				01DBA6B42ED64007009E9D01 /* Frameworks */,
				01DBA6B52ED64007009E9D01 /* Resources */,
			);
			buildRules = (
			);
			dependencies = (
				01DBA6B92ED64007009E9D01 /* PBXTargetDependency */,
			);
			fileSystemSynchronizedGroups = (
				01DBA6BA2ED64007009E9D01 /* Kfe Los BalconesUITests */,
			);
			name = "Kfe Los BalconesUITests";
			packageProductDependencies = (
			);
			productName = "Kfe Los BalconesUITests";
			productReference = 01DBA6B72ED64007009E9D01 /* Kfe Los BalconesUITests.xctest */;
			productType = "com.apple.product-type.bundle.ui-testing";
		};
/* End PBXNativeTarget section */

/* Begin PBXProject section */
		01DBA6982ED64006009E9D01 /* Project object */ = {
			isa = PBXProject;
			attributes = {
				BuildIndependentTargetsInParallel = 1;
				LastSwiftUpdateCheck = 2610;
				LastUpgradeCheck = 2610;
				TargetAttributes = {
					01DBA69F2ED64006009E9D01 = {
						CreatedOnToolsVersion = 26.1.1;
					};
					01DBA6AC2ED64007009E9D01 = {
						CreatedOnToolsVersion = 26.1.1;
						TestTargetID = 01DBA69F2ED64006009E9D01;
					};
					01DBA6B62ED64007009E9D01 = {
						CreatedOnToolsVersion = 26.1.1;
						TestTargetID = 01DBA69F2ED64006009E9D01;
					};
				};
			};
			buildConfigurationList = 01DBA69B2ED64006009E9D01 /* Build configuration list for PBXProject "Kfe Los Balcones" */;
			developmentRegion = en;
			hasScannedForEncodings = 0;
			knownRegions = (
				en,
				Base,
			);
			mainGroup = 01DBA6972ED64006009E9D01;
			minimizedProjectReferenceProxies = 1;
			preferredProjectObjectVersion = 77;
			productRefGroup = 01DBA6A12ED64006009E9D01 /* Products */;
			projectDirPath = "";
			projectRoot = "";
			targets = (
				01DBA69F2ED64006009E9D01 /* Kfe Los Balcones */,
				01DBA6AC2ED64007009E9D01 /* Kfe Los BalconesTests */,
				01DBA6B62ED64007009E9D01 /* Kfe Los BalconesUITests */,
			);
		};
/* End PBXProject section */

/* Begin PBXResourcesBuildPhase section */
		01DBA69E2ED64006009E9D01 /* Resources */ = {
			isa = PBXResourcesBuildPhase;
			buildActionMask = 2147483647;
			files = (
			);
			runOnlyForDeploymentPostprocessing = 0;
		};
		01DBA6AB2ED64007009E9D01 /* Resources */ = {
			isa = PBXResourcesBuildPhase;
			buildActionMask = 2147483647;
			files = (
			);
			runOnlyForDeploymentPostprocessing = 0;
		};
		01DBA6B52ED64007009E9D01 /* Resources */ = {
			isa = PBXResourcesBuildPhase;
			buildActionMask = 2147483647;
			files = (
			);
			runOnlyForDeploymentPostprocessing = 0;
		};
/* End PBXResourcesBuildPhase section */

/* Begin PBXSourcesBuildPhase section */
		01DBA69C2ED64006009E9D01 /* Sources */ = {
			isa = PBXSourcesBuildPhase;
			buildActionMask = 2147483647;
			files = (
			);
			runOnlyForDeploymentPostprocessing = 0;
		};
		01DBA6A92ED64007009E9D01 /* Sources */ = {
			isa = PBXSourcesBuildPhase;
			buildActionMask = 2147483647;
			files = (
			);
			runOnlyForDeploymentPostprocessing = 0;
		};
		01DBA6B32ED64007009E9D01 /* Sources */ = {
			isa = PBXSourcesBuildPhase;
			buildActionMask = 2147483647;
			files = (
			);
			runOnlyForDeploymentPostprocessing = 0;
		};
/* End PBXSourcesBuildPhase section */

/* Begin PBXTargetDependency section */
		01DBA6AF2ED64007009E9D01 /* PBXTargetDependency */ = {
			isa = PBXTargetDependency;
			target = 01DBA69F2ED64006009E9D01 /* Kfe Los Balcones */;
			targetProxy = 01DBA6AE2ED64007009E9D01 /* PBXContainerItemProxy */;
		};
		01DBA6B92ED64007009E9D01 /* PBXTargetDependency */ = {
			isa = PBXTargetDependency;
			target = 01DBA69F2ED64006009E9D01 /* Kfe Los Balcones */;
			targetProxy = 01DBA6B82ED64007009E9D01 /* PBXContainerItemProxy */;
		};
/* End PBXTargetDependency section */

/* Begin XCBuildConfiguration section */
		01DBA6BF2ED64008009E9D01 /* Debug */ = {
			isa = XCBuildConfiguration;
			buildSettings = {
				ALWAYS_SEARCH_USER_PATHS = NO;
				ASSETCATALOG_COMPILER_GENERATE_SWIFT_ASSET_SYMBOL_EXTENSIONS = YES;
				CLANG_ANALYZER_NONNULL = YES;
				CLANG_ANALYZER_NUMBER_OBJECT_CONVERSION = YES_AGGRESSIVE;
				CLANG_CXX_LANGUAGE_STANDARD = "gnu++20";
				CLANG_ENABLE_MODULES = YES;
				CLANG_ENABLE_OBJC_ARC = YES;
				CLANG_ENABLE_OBJC_WEAK = YES;
				CLANG_WARN_BLOCK_CAPTURE_AUTORELEASING = YES;
				CLANG_WARN_BOOL_CONVERSION = YES;
				CLANG_WARN_COMMA = YES;
				CLANG_WARN_CONSTANT_CONVERSION = YES;
				CLANG_WARN_DEPRECATED_OBJC_IMPLEMENTATIONS = YES;
				CLANG_WARN_DIRECT_OBJC_ISA_USAGE = YES_ERROR;
				CLANG_WARN_DOCUMENTATION_COMMENTS = YES;
				CLANG_WARN_EMPTY_BODY = YES;
				CLANG_WARN_ENUM_CONVERSION = YES;
				CLANG_WARN_INFINITE_RECURSION = YES;
				CLANG_WARN_INT_CONVERSION = YES;
				CLANG_WARN_NON_LITERAL_NULL_CONVERSION = YES;
				CLANG_WARN_OBJC_IMPLICIT_RETAIN_SELF = YES;
				CLANG_WARN_OBJC_LITERAL_CONVERSION = YES;
				CLANG_WARN_OBJC_ROOT_CLASS = YES_ERROR;
				CLANG_WARN_QUOTED_INCLUDE_IN_FRAMEWORK_HEADER = YES;
				CLANG_WARN_RANGE_LOOP_ANALYSIS = YES;
				CLANG_WARN_STRICT_PROTOTYPES = YES;
				CLANG_WARN_SUSPICIOUS_MOVE = YES;
				CLANG_WARN_UNGUARDED_AVAILABILITY = YES_AGGRESSIVE;
				CLANG_WARN_UNREACHABLE_CODE = YES;
				CLANG_WARN__DUPLICATE_METHOD_MATCH = YES;
				COPY_PHASE_STRIP = NO;
				DEBUG_INFORMATION_FORMAT = dwarf;
				ENABLE_STRICT_OBJC_MSGSEND = YES;
				ENABLE_TESTABILITY = YES;
				ENABLE_USER_SCRIPT_SANDBOXING = YES;
				GCC_C_LANGUAGE_STANDARD = gnu17;
				GCC_DYNAMIC_NO_PIC = NO;
				GCC_NO_COMMON_BLOCKS = YES;
				GCC_OPTIMIZATION_LEVEL = 0;
				GCC_PREPROCESSOR_DEFINITIONS = (
					"DEBUG=1",
					"$(inherited)",
				);
				GCC_WARN_64_TO_32_BIT_CONVERSION = YES;
				GCC_WARN_ABOUT_RETURN_TYPE = YES_ERROR;
				GCC_WARN_UNDECLARED_SELECTOR = YES;
				GCC_WARN_UNINITIALIZED_AUTOS = YES_AGGRESSIVE;
				GCC_WARN_UNUSED_FUNCTION = YES;
				GCC_WARN_UNUSED_VARIABLE = YES;
				IPHONEOS_DEPLOYMENT_TARGET = 26.1;
				LOCALIZATION_PREFERS_STRING_CATALOGS = YES;
				MTL_ENABLE_DEBUG_INFO = INCLUDE_SOURCE;
				MTL_FAST_MATH = YES;
				ONLY_ACTIVE_ARCH = YES;
				SDKROOT = iphoneos;
				SWIFT_ACTIVE_COMPILATION_CONDITIONS = "DEBUG $(inherited)";
				SWIFT_OPTIMIZATION_LEVEL = "-Onone";
			};
			name = Debug;
		};
		01DBA6C02ED64008009E9D01 /* Release */ = {
			isa = XCBuildConfiguration;
			buildSettings = {
				ALWAYS_SEARCH_USER_PATHS = NO;
				ASSETCATALOG_COMPILER_GENERATE_SWIFT_ASSET_SYMBOL_EXTENSIONS = YES;
				CLANG_ANALYZER_NONNULL = YES;
				CLANG_ANALYZER_NUMBER_OBJECT_CONVERSION = YES_AGGRESSIVE;
				CLANG_CXX_LANGUAGE_STANDARD = "gnu++20";
				CLANG_ENABLE_MODULES = YES;
				CLANG_ENABLE_OBJC_ARC = YES;
				CLANG_ENABLE_OBJC_WEAK = YES;
				CLANG_WARN_BLOCK_CAPTURE_AUTORELEASING = YES;
				CLANG_WARN_BOOL_CONVERSION = YES;
				CLANG_WARN_COMMA = YES;
				CLANG_WARN_CONSTANT_CONVERSION = YES;
				CLANG_WARN_DEPRECATED_OBJC_IMPLEMENTATIONS = YES;
				CLANG_WARN_DIRECT_OBJC_ISA_USAGE = YES_ERROR;
				CLANG_WARN_DOCUMENTATION_COMMENTS = YES;
				CLANG_WARN_EMPTY_BODY = YES;
				CLANG_WARN_ENUM_CONVERSION = YES;
				CLANG_WARN_INFINITE_RECURSION = YES;
				CLANG_WARN_INT_CONVERSION = YES;
				CLANG_WARN_NON_LITERAL_NULL_CONVERSION = YES;
				CLANG_WARN_OBJC_IMPLICIT_RETAIN_SELF = YES;
				CLANG_WARN_OBJC_LITERAL_CONVERSION = YES;
				CLANG_WARN_OBJC_ROOT_CLASS = YES_ERROR;
				CLANG_WARN_QUOTED_INCLUDE_IN_FRAMEWORK_HEADER = YES;
				CLANG_WARN_RANGE_LOOP_ANALYSIS = YES;
				CLANG_WARN_STRICT_PROTOTYPES = YES;
				CLANG_WARN_SUSPICIOUS_MOVE = YES;
				CLANG_WARN_UNGUARDED_AVAILABILITY = YES_AGGRESSIVE;
				CLANG_WARN_UNREACHABLE_CODE = YES;
				CLANG_WARN__DUPLICATE_METHOD_MATCH = YES;
				COPY_PHASE_STRIP = NO;
				DEBUG_INFORMATION_FORMAT = "dwarf-with-dsym";
				ENABLE_NS_ASSERTIONS = NO;
				ENABLE_STRICT_OBJC_MSGSEND = YES;
				ENABLE_USER_SCRIPT_SANDBOXING = YES;
				GCC_C_LANGUAGE_STANDARD = gnu17;
				GCC_NO_COMMON_BLOCKS = YES;
				GCC_WARN_64_TO_32_BIT_CONVERSION = YES;
				GCC_WARN_ABOUT_RETURN_TYPE = YES_ERROR;
				GCC_WARN_UNDECLARED_SELECTOR = YES;
				GCC_WARN_UNINITIALIZED_AUTOS = YES_AGGRESSIVE;
				GCC_WARN_UNUSED_FUNCTION = YES;
				GCC_WARN_UNUSED_VARIABLE = YES;
				IPHONEOS_DEPLOYMENT_TARGET = 26.1;
				LOCALIZATION_PREFERS_STRING_CATALOGS = YES;
				MTL_ENABLE_DEBUG_INFO = NO;
				MTL_FAST_MATH = YES;
				SDKROOT = iphoneos;
				SWIFT_COMPILATION_MODE = wholemodule;
				VALIDATE_PRODUCT = YES;
			};
			name = Release;
		};
		01DBA6C22ED64008009E9D01 /* Debug */ = {
			isa = XCBuildConfiguration;
			buildSettings = {
				ASSETCATALOG_COMPILER_APPICON_NAME = AppIcon;
				ASSETCATALOG_COMPILER_GLOBAL_ACCENT_COLOR_NAME = AccentColor;
				CODE_SIGN_STYLE = Automatic;
				CURRENT_PROJECT_VERSION = 1;
				ENABLE_PREVIEWS = YES;
				GENERATE_INFOPLIST_FILE = YES;
				INFOPLIST_KEY_UIApplicationSceneManifest_Generation = YES;
				INFOPLIST_KEY_UIApplicationSupportsIndirectInputEvents = YES;
				INFOPLIST_KEY_UILaunchScreen_Generation = YES;
				INFOPLIST_KEY_UISupportedInterfaceOrientations_iPad = "UIInterfaceOrientationPortrait UIInterfaceOrientationPortraitUpsideDown UIInterfaceOrientationLandscapeLeft UIInterfaceOrientationLandscapeRight";
				INFOPLIST_KEY_UISupportedInterfaceOrientations_iPhone = "UIInterfaceOrientationPortrait UIInterfaceOrientationLandscapeLeft UIInterfaceOrientationLandscapeRight";
				LD_RUNPATH_SEARCH_PATHS = (
					"$(inherited)",
					"@executable_path/Frameworks",
				);
				MARKETING_VERSION = 1.0;
				PRODUCT_BUNDLE_IDENTIFIER = "ramiro.mdc.Kfe-Los-Balcones";
				PRODUCT_NAME = "$(TARGET_NAME)";
				STRING_CATALOG_GENERATE_SYMBOLS = YES;
				SWIFT_APPROACHABLE_CONCURRENCY = YES;
				SWIFT_DEFAULT_ACTOR_ISOLATION = MainActor;
				SWIFT_EMIT_LOC_STRINGS = YES;
				SWIFT_UPCOMING_FEATURE_MEMBER_IMPORT_VISIBILITY = YES;
				SWIFT_VERSION = 5.0;
				TARGETED_DEVICE_FAMILY = "1,2";
			};
			name = Debug;
		};
		01DBA6C32ED64008009E9D01 /* Release */ = {
			isa = XCBuildConfiguration;
			buildSettings = {
				ASSETCATALOG_COMPILER_APPICON_NAME = AppIcon;
				ASSETCATALOG_COMPILER_GLOBAL_ACCENT_COLOR_NAME = AccentColor;
				CODE_SIGN_STYLE = Automatic;
				CURRENT_PROJECT_VERSION = 1;
				ENABLE_PREVIEWS = YES;
				GENERATE_INFOPLIST_FILE = YES;
				INFOPLIST_KEY_UIApplicationSceneManifest_Generation = YES;
				INFOPLIST_KEY_UIApplicationSupportsIndirectInputEvents = YES;
				INFOPLIST_KEY_UILaunchScreen_Generation = YES;
				INFOPLIST_KEY_UISupportedInterfaceOrientations_iPad = "UIInterfaceOrientationPortrait UIInterfaceOrientationPortraitUpsideDown UIInterfaceOrientationLandscapeLeft UIInterfaceOrientationLandscapeRight";
				INFOPLIST_KEY_UISupportedInterfaceOrientations_iPhone = "UIInterfaceOrientationPortrait UIInterfaceOrientationLandscapeLeft UIInterfaceOrientationLandscapeRight";
				LD_RUNPATH_SEARCH_PATHS = (
					"$(inherited)",
					"@executable_path/Frameworks",
				);
				MARKETING_VERSION = 1.0;
				PRODUCT_BUNDLE_IDENTIFIER = "ramiro.mdc.Kfe-Los-Balcones";
				PRODUCT_NAME = "$(TARGET_NAME)";
				STRING_CATALOG_GENERATE_SYMBOLS = YES;
				SWIFT_APPROACHABLE_CONCURRENCY = YES;
				SWIFT_DEFAULT_ACTOR_ISOLATION = MainActor;
				SWIFT_EMIT_LOC_STRINGS = YES;
				SWIFT_UPCOMING_FEATURE_MEMBER_IMPORT_VISIBILITY = YES;
				SWIFT_VERSION = 5.0;
				TARGETED_DEVICE_FAMILY = "1,2";
			};
			name = Release;
		};
		01DBA6C52ED64008009E9D01 /* Debug */ = {
			isa = XCBuildConfiguration;
			buildSettings = {
				BUNDLE_LOADER = "$(TEST_HOST)";
				CODE_SIGN_STYLE = Automatic;
				CURRENT_PROJECT_VERSION = 1;
				GENERATE_INFOPLIST_FILE = YES;
				IPHONEOS_DEPLOYMENT_TARGET = 26.1;
				MARKETING_VERSION = 1.0;
				PRODUCT_BUNDLE_IDENTIFIER = "ramiro.mdc.Kfe-Los-BalconesTests";
				PRODUCT_NAME = "$(TARGET_NAME)";
				STRING_CATALOG_GENERATE_SYMBOLS = NO;
				SWIFT_APPROACHABLE_CONCURRENCY = YES;
				SWIFT_EMIT_LOC_STRINGS = NO;
				SWIFT_UPCOMING_FEATURE_MEMBER_IMPORT_VISIBILITY = YES;
				SWIFT_VERSION = 5.0;
				TARGETED_DEVICE_FAMILY = "1,2";
				TEST_HOST = "$(BUILT_PRODUCTS_DIR)/Kfe Los Balcones.app/$(BUNDLE_EXECUTABLE_FOLDER_PATH)/Kfe Los Balcones";
			};
			name = Debug;
		};
		01DBA6C62ED64008009E9D01 /* Release */ = {
			isa = XCBuildConfiguration;
			buildSettings = {
				BUNDLE_LOADER = "$(TEST_HOST)";
				CODE_SIGN_STYLE = Automatic;
				CURRENT_PROJECT_VERSION = 1;
				GENERATE_INFOPLIST_FILE = YES;
				IPHONEOS_DEPLOYMENT_TARGET = 26.1;
				MARKETING_VERSION = 1.0;
				PRODUCT_BUNDLE_IDENTIFIER = "ramiro.mdc.Kfe-Los-BalconesTests";
				PRODUCT_NAME = "$(TARGET_NAME)";
				STRING_CATALOG_GENERATE_SYMBOLS = NO;
				SWIFT_APPROACHABLE_CONCURRENCY = YES;
				SWIFT_EMIT_LOC_STRINGS = NO;
				SWIFT_UPCOMING_FEATURE_MEMBER_IMPORT_VISIBILITY = YES;
				SWIFT_VERSION = 5.0;
				TARGETED_DEVICE_FAMILY = "1,2";
				TEST_HOST = "$(BUILT_PRODUCTS_DIR)/Kfe Los Balcones.app/$(BUNDLE_EXECUTABLE_FOLDER_PATH)/Kfe Los Balcones";
			};
			name = Release;
		};
		01DBA6C82ED64008009E9D01 /* Debug */ = {
			isa = XCBuildConfiguration;
			buildSettings = {
				CODE_SIGN_STYLE = Automatic;
				CURRENT_PROJECT_VERSION = 1;
				GENERATE_INFOPLIST_FILE = YES;
				MARKETING_VERSION = 1.0;
				PRODUCT_BUNDLE_IDENTIFIER = "ramiro.mdc.Kfe-Los-BalconesUITests";
				PRODUCT_NAME = "$(TARGET_NAME)";
				STRING_CATALOG_GENERATE_SYMBOLS = NO;
				SWIFT_APPROACHABLE_CONCURRENCY = YES;
				SWIFT_EMIT_LOC_STRINGS = NO;
				SWIFT_UPCOMING_FEATURE_MEMBER_IMPORT_VISIBILITY = YES;
				SWIFT_VERSION = 5.0;
				TARGETED_DEVICE_FAMILY = "1,2";
				TEST_TARGET_NAME = "Kfe Los Balcones";
			};
			name = Debug;
		};
		01DBA6C92ED64008009E9D01 /* Release */ = {
			isa = XCBuildConfiguration;
			buildSettings = {
				CODE_SIGN_STYLE = Automatic;
				CURRENT_PROJECT_VERSION = 1;
				GENERATE_INFOPLIST_FILE = YES;
				MARKETING_VERSION = 1.0;
				PRODUCT_BUNDLE_IDENTIFIER = "ramiro.mdc.Kfe-Los-BalconesUITests";
				PRODUCT_NAME = "$(TARGET_NAME)";
				STRING_CATALOG_GENERATE_SYMBOLS = NO;
				SWIFT_APPROACHABLE_CONCURRENCY = YES;
				SWIFT_EMIT_LOC_STRINGS = NO;
				SWIFT_UPCOMING_FEATURE_MEMBER_IMPORT_VISIBILITY = YES;
				SWIFT_VERSION = 5.0;
				TARGETED_DEVICE_FAMILY = "1,2";
				TEST_TARGET_NAME = "Kfe Los Balcones";
			};
			name = Release;
		};
/* End XCBuildConfiguration section */

/* Begin XCConfigurationList section */
		01DBA69B2ED64006009E9D01 /* Build configuration list for PBXProject "Kfe Los Balcones" */ = {
			isa = XCConfigurationList;
			buildConfigurations = (
				01DBA6BF2ED64008009E9D01 /* Debug */,
				01DBA6C02ED64008009E9D01 /* Release */,
			);
			defaultConfigurationIsVisible = 0;
			defaultConfigurationName = Release;
		};
		01DBA6C12ED64008009E9D01 /* Build configuration list for PBXNativeTarget "Kfe Los Balcones" */ = {
			isa = XCConfigurationList;
			buildConfigurations = (
				01DBA6C22ED64008009E9D01 /* Debug */,
				01DBA6C32ED64008009E9D01 /* Release */,
			);
			defaultConfigurationIsVisible = 0;
			defaultConfigurationName = Release;
		};
		01DBA6C42ED64008009E9D01 /* Build configuration list for PBXNativeTarget "Kfe Los BalconesTests" */ = {
			isa = XCConfigurationList;
			buildConfigurations = (
				01DBA6C52ED64008009E9D01 /* Debug */,
				01DBA6C62ED64008009E9D01 /* Release */,
			);
			defaultConfigurationIsVisible = 0;
			defaultConfigurationName = Release;
		};
		01DBA6C72ED64008009E9D01 /* Build configuration list for PBXNativeTarget "Kfe Los BalconesUITests" */ = {
			isa = XCConfigurationList;
			buildConfigurations = (
				01DBA6C82ED64008009E9D01 /* Debug */,
				01DBA6C92ED64008009E9D01 /* Release */,
			);
			defaultConfigurationIsVisible = 0;
			defaultConfigurationName = Release;
		};
/* End XCConfigurationList section */
	};
	rootObject = 01DBA6982ED64006009E9D01 /* Project object */;
}
